apiVersion: kbld.k14s.io/v1alpha1
kind: Config
minimumRequiredVersion: 0.32.0
overrides:
- image: docker.io/grafana/promtail:2.6.1
  newImage: index.docker.io/grafana/promtail@sha256:072527b12cdfa1393d04a08aeba6b0eb42fd6921426ea14eaf8c828953771749
  preresolved: true
- image: grafana/loki:2.6.1
  newImage: index.docker.io/grafana/loki@sha256:1ee60f980950b00e505bd564b40f720132a0653b110e993043bb5940673d060a
  preresolved: true
