apiVersion: kbld.k14s.io/v1alpha1
kind: Config
minimumRequiredVersion: 0.31.0
overrides:
- image: kubernetesui/dashboard:v2.0.5
  newImage: index.docker.io/kubernetesui/dashboard@sha256:5e23ccf274c48147af8b6fb7269c50129687be3db9d351630ca9a7eb8ab0aed7
  preresolved: true
- image: kubernetesui/metrics-scraper:v1.0.6
  newImage: index.docker.io/kubernetesui/metrics-scraper@sha256:1f977343873ed0e2efd4916a6b2f3075f310ff6fe42ee098f54fc58aa7a28ab7
  preresolved: true
