apiVersion: kbld.k14s.io/v1alpha1
kind: Config
minimumRequiredVersion: 0.31.0
overrides:
- image: k8s.gcr.io/kube-state-metrics/kube-state-metrics:v2.2.4
  newImage: k8s.gcr.io/kube-state-metrics/kube-state-metrics@sha256:ea4ebe736165cf084fc6fbabf3af07d76bbfe9213d621acb3295353fc36286ae
  preresolved: true
