apiVersion: vendir.k14s.io/v1alpha1
directories:
- contents:
  - githubRelease:
      url: https://api.github.com/repos/envoyproxy/gateway/releases/283544797
    path: .
  path: vendor/github.com/envoyproxy/gateway
- contents:
  - directory: {}
    path: .
  path: envoy-gateway/templates/upstream
- contents:
  - git:
      commitTitle: 'gpg: Signature made Mon 01 Sep 2025 07:53:52 PM CEST...'
      sha: c82afcc25e9d6a807111ba637b1a4568f9033fc6
      tags:
      - dex-0.24.0
    path: .
  path: vendor/github.com/dexidp/helm-charts
- contents:
  - directory: {}
    path: .
  path: dex/build/chart
- contents:
  - githubRelease:
      url: https://api.github.com/repos/cert-manager/cert-manager/releases/289893419
    path: .
  path: vendor/github.com/jetstack/cert-manager
- contents:
  - directory: {}
    path: .
  path: cert-manager/templates/upstream
- contents:
  - git:
      commitTitle: 'gpg: Signature made Thu 05 Feb 2026 06:33:58 PM CET...'
      sha: 6acceb3a2d77474ce8d29c7c98aa9b25c3468499
      tags:
      - headlamp-helm-0.40.0
    path: .
  path: vendor/github.com/kubernetes-sigs/headlamp
- contents:
  - directory: {}
    path: .
  path: headlamp/build/chart
- contents:
  - git:
      commitTitle: 'gpg: Signature made Sun 01 Mar 2026 12:09:00 AM CET...'
      sha: f738b5d4d5a325223701e4d5ba30d95c46e10bb9
      tags:
      - prometheus-28.13.0
    path: .
  path: vendor/github.com/prometheus-community/helm-charts
- contents:
  - directory: {}
    path: .
  path: prometheus/build/chart
- contents:
  - git:
      commitTitle: 'gpg: Signature made Tue 10 Mar 2026 08:17:27 AM CET...'
      sha: 37d8ecd3dda0970e76bd66fdbcede2b1e053179d
      tags:
      - grafana-11.3.2
    path: .
  path: vendor/github.com/grafana/grafana
- contents:
  - directory: {}
    path: .
  path: grafana/build/chart
- contents:
  - git:
      commitTitle: 'gpg: Signature made Wed 11 Mar 2026 12:48:33 AM CET...'
      sha: dc21099f771746314c9810829fc9673b284c9ad2
      tags:
      - helm-loki-6.54.0
    path: .
  path: vendor/github.com/grafana/loki
- contents:
  - directory: {}
    path: .
  path: loki/build/chart
- contents:
  - git:
      commitTitle: 'gpg: Signature made Tue 10 Mar 2026 08:19:38 PM CET...'
      sha: 50b59229fb81044a4dcd5020cd7d53788375d2c2
      tags:
      - vector-0.51.0
    path: .
  path: vendor/github.com/vectordotdev/helm-charts
- contents:
  - directory: {}
    path: .
  path: vector/build/chart
kind: LockConfig
