apiVersion: kbld.k14s.io/v1alpha1
kind: Config
minimumRequiredVersion: 0.24.0
overrides:
- image: busybox:1.31.1
  newImage: index.docker.io/library/busybox@sha256:95cf004f559831017cdf4628aaf1bb30133677be8702a8c5f2994629f637a209
  preresolved: true
- image: grafana/grafana:7.3.1
  newImage: index.docker.io/grafana/grafana@sha256:9f43d0ac1fdecdd08a47bce4038fa5c9c67cc84fc025df78b87ae7b7b076aee9
  preresolved: true
