apiVersion: kbld.k14s.io/v1alpha1
kind: Config
minimumRequiredVersion: 0.32.0
overrides:
- image: quay.io/prometheus-operator/prometheus-config-reloader:v0.89.0
  newImage: quay.io/prometheus-operator/prometheus-config-reloader@sha256:cb4ac6a56555bef0e202bec11e367dfe07ffb241cf4d30566b12b864692607a8
  preresolved: true
- image: quay.io/prometheus/alertmanager:v0.31.1
  newImage: quay.io/prometheus/alertmanager@sha256:88b605de9aba0410775c1eb3438f951115054e0d307f23f274a4c705f51630c1
  preresolved: true
- image: quay.io/prometheus/node-exporter:v1.10.2
  newImage: quay.io/prometheus/node-exporter@sha256:337ff1d356b68d39cef853e8c6345de11ce7556bb34cda8bd205bcf2ed30b565
  preresolved: true
- image: quay.io/prometheus/prometheus:v3.10.0
  newImage: quay.io/prometheus/prometheus@sha256:7571a304e67fbd794be02422b13627dc7de822152f74e99e2bef95d29eceecde
  preresolved: true
- image: registry.k8s.io/kube-state-metrics/kube-state-metrics:v2.18.0
  newImage: registry.k8s.io/kube-state-metrics/kube-state-metrics@sha256:1545919b72e3ae035454fc054131e8d0f14b42ef6fc5b2ad5c751cafa6b2130e
  preresolved: true
