apiVersion: kbld.k14s.io/v1alpha1
kind: Config
minimumRequiredVersion: 0.32.0
overrides:
- image: jimmidyson/configmap-reload:v0.5.0
  newImage: index.docker.io/jimmidyson/configmap-reload@sha256:904d08e9f701d3d8178cb61651dbe8edc5d08dd5895b56bdcac9e5805ea82b52
  preresolved: true
- image: prom/pushgateway:v1.4.3
  newImage: index.docker.io/prom/pushgateway@sha256:3496e0f859434b60e6e6eccbc1dddf33adad9a9eb19592dc4ed4a4bf167a844d
  preresolved: true
- image: quay.io/prometheus/alertmanager:v0.24.0
  newImage: quay.io/prometheus/alertmanager@sha256:088464f949de8065b9da7dfce7302a633d700e9d598e2bebc03310712f083b31
  preresolved: true
- image: quay.io/prometheus/node-exporter:v1.3.1
  newImage: quay.io/prometheus/node-exporter@sha256:f2269e73124dd0f60a7d19a2ce1264d33d08a985aed0ee6b0b89d0be470592cd
  preresolved: true
- image: quay.io/prometheus/prometheus:v2.39.1
  newImage: quay.io/prometheus/prometheus@sha256:4748e26f9369ee7270a7cd3fb9385c1adb441c05792ce2bce2f6dd622fd91d38
  preresolved: true
