apiVersion: kbld.k14s.io/v1alpha1
kind: Config
minimumRequiredVersion: 0.32.0
overrides:
- image: docker.io/grafana/loki:3.6.5
  newImage: index.docker.io/grafana/loki@sha256:847c287ada0e12603910589f42038c5cdaaad04e248bd1dc6c6e0920a235f427
  preresolved: true
- image: docker.io/kiwigrid/k8s-sidecar:2.5.0
  newImage: index.docker.io/kiwigrid/k8s-sidecar@sha256:a6b3f707f883108376514489a94d6629109a327b2978e1d826cd104c4ca436df
  preresolved: true
